{
  "name": "Retail-Tech",
  "lockfileVersion": 3,
  "requires": true,
  "packages": {
    "": {
      "devDependencies": {
        "@types/webfontloader": "^1.6.38"
      }
    },
    "node_modules/@types/webfontloader": {
      "version": "1.6.38",
      "resolved": "https://registry.npmjs.org/@types/webfontloader/-/webfontloader-1.6.38.tgz",
      "integrity": "sha512-kUaF72Fv202suFx6yBrwXqeVRMx7hGtJTesyESZgn9sEPCUeDXm2p0SiyS1MTqW74nQP4p7JyrOCwZ7pNFns4w==",
      "dev": true,
      "license": "MIT"
    }
  }
}
